{
  "markbot": "ce7024804e011a60da8654030a8d42c3c7ffd8c652c9c0eec1311f0ca9566902",
  "index-320.png": "2bc2cdc665404a91a97e38fc6efa776266da7eb991c843bf03bd99bbf9444190",
  "index-400.png": "b48a89b521d72eed881eaa9cbe343d1c09b49c861f685c0ace8f21fcb233e945",
  "index-608.png": "398ec0171139581ea8df90489633303d87a8bc19b155ce4d554b23c8276bf924",
  "index-960.png": "31ff6817418e9db6b8fcbc3e2df2ce3e6aaac0f2ca43bd4aa90dce540bfa328b",
  "index-1440.png": "0d9fa79f16ae3fa7d4d7a5f7a9db170903ec3cc4ce51de42b07588c1ab831457"
}