{
  "markbot": "dda1f8f8cae2b1062d5a0a633c516af692859699d3c68c8145236a0b5e099dd8",
  "markbotignore": "030a4e6e1b3b6b510514a7ae54576e2c2ef762d56236c6414ef634955d96a126",
  "index-320.png": "2bc2cdc665404a91a97e38fc6efa776266da7eb991c843bf03bd99bbf9444190",
  "index-400.png": "b48a89b521d72eed881eaa9cbe343d1c09b49c861f685c0ace8f21fcb233e945",
  "index-608.png": "398ec0171139581ea8df90489633303d87a8bc19b155ce4d554b23c8276bf924",
  "index-960.png": "31ff6817418e9db6b8fcbc3e2df2ce3e6aaac0f2ca43bd4aa90dce540bfa328b",
  "index-1440.png": "0d9fa79f16ae3fa7d4d7a5f7a9db170903ec3cc4ce51de42b07588c1ab831457"
}